
Microsoft Visual Studio Solution File, Format Version 12.00
# Visual Studio Version 16
VisualStudioVersion = 16.0.31424.327
MinimumVisualStudioVersion = 10.0.40219.1
Project("{9A19103F-16F7-4668-BE54-9A1E7A4F7556}") = "NSVoxels", "NSVoxels\NSVoxels.csproj", "{4BBE1F0F-E336-4FB5-858D-D74ADB5770E3}"
EndProject
Global
	GlobalSection(SolutionConfigurationPlatforms) = preSolution
		Debug|Any CPU = Debug|Any CPU
		Debug|ARM64 = Debug|ARM64
		Debug|x64 = Debug|x64
		Release|Any CPU = Release|Any CPU
		Release|ARM64 = Release|ARM64
		Release|x64 = Release|x64
	EndGlobalSection
	GlobalSection(ProjectConfigurationPlatforms) = postSolution
		{4BBE1F0F-E336-4FB5-858D-D74ADB5770E3}.Debug|Any CPU.ActiveCfg = Debug|Any CPU
		{4BBE1F0F-E336-4FB5-858D-D74ADB5770E3}.Debug|Any CPU.Build.0 = Debug|Any CPU
		{4BBE1F0F-E336-4FB5-858D-D74ADB5770E3}.Debug|ARM64.ActiveCfg = Debug|ARM64
		{4BBE1F0F-E336-4FB5-858D-D74ADB5770E3}.Debug|ARM64.Build.0 = Debug|ARM64
		{4BBE1F0F-E336-4FB5-858D-D74ADB5770E3}.Debug|x64.ActiveCfg = Debug|x64
		{4BBE1F0F-E336-4FB5-858D-D74ADB5770E3}.Debug|x64.Build.0 = Debug|x64
		{4BBE1F0F-E336-4FB5-858D-D74ADB5770E3}.Release|Any CPU.ActiveCfg = Release|Any CPU
		{4BBE1F0F-E336-4FB5-858D-D74ADB5770E3}.Release|Any CPU.Build.0 = Release|Any CPU
		{4BBE1F0F-E336-4FB5-858D-D74ADB5770E3}.Release|ARM64.ActiveCfg = Release|ARM64
		{4BBE1F0F-E336-4FB5-858D-D74ADB5770E3}.Release|ARM64.Build.0 = Release|ARM64
		{4BBE1F0F-E336-4FB5-858D-D74ADB5770E3}.Release|x64.ActiveCfg = Release|x64
		{4BBE1F0F-E336-4FB5-858D-D74ADB5770E3}.Release|x64.Build.0 = Release|x64
	EndGlobalSection
	GlobalSection(SolutionProperties) = preSolution
		HideSolutionNode = FALSE
	EndGlobalSection
	GlobalSection(ExtensibilityGlobals) = postSolution
		SolutionGuid = {EDF7E50B-30BE-4BDC-A6BA-BBB4B0045DA1}
	EndGlobalSection
EndGlobal
